
Microsoft Visual Studio Solution File, Format Version 12.00
# Visual Studio Version 16
VisualStudioVersion = 16.0.31019.35
MinimumVisualStudioVersion = 10.0.40219.1
Project("{9A19103F-16F7-4668-BE54-9A1E7A4F7556}") = "TecWi_Web.API", "TecWi_Web.API\TecWi_Web.API.csproj", "{EA942292-9270-4217-BDCF-F92A4B62F8C8}"
EndProject
Project("{9A19103F-16F7-4668-BE54-9A1E7A4F7556}") = "TecWi_Web.Application", "TecWi_Web.Application\TecWi_Web.Application.csproj", "{E228FFF4-F73D-4103-8798-D048E7F8E27A}"
EndProject
Project("{9A19103F-16F7-4668-BE54-9A1E7A4F7556}") = "TecWi_Web.Domain", "TecWi_Web.Domain\TecWi_Web.Domain.csproj", "{C6E91D1D-84AE-45F0-816F-2F450F192EEC}"
EndProject
Project("{9A19103F-16F7-4668-BE54-9A1E7A4F7556}") = "TecWi_Web.Data", "TecWi_Web.Data\TecWi_Web.Data.csproj", "{00A03A30-4822-4B0A-9846-523FE7594799}"
EndProject
Project("{9A19103F-16F7-4668-BE54-9A1E7A4F7556}") = "TecWi_Web.Shared", "TecWi_Web.Shared\TecWi_Web.Shared.csproj", "{C82F26B3-99FB-4CC5-89AC-EC943C01AFAA}"
EndProject
Project("{FAE04EC0-301F-11D3-BF4B-00C04F79EFBC}") = "TecWi_Web.Tests", "TecWi_Web.Tests\TecWi_Web.Tests.csproj", "{3CF741C5-C618-441A-A874-C4CE73F31F1F}"
EndProject
Global
	GlobalSection(SolutionConfigurationPlatforms) = preSolution
		Debug|Any CPU = Debug|Any CPU
		Release|Any CPU = Release|Any CPU
	EndGlobalSection
	GlobalSection(ProjectConfigurationPlatforms) = postSolution
		{EA942292-9270-4217-BDCF-F92A4B62F8C8}.Debug|Any CPU.ActiveCfg = Debug|Any CPU
		{EA942292-9270-4217-BDCF-F92A4B62F8C8}.Debug|Any CPU.Build.0 = Debug|Any CPU
		{EA942292-9270-4217-BDCF-F92A4B62F8C8}.Release|Any CPU.ActiveCfg = Release|Any CPU
		{EA942292-9270-4217-BDCF-F92A4B62F8C8}.Release|Any CPU.Build.0 = Release|Any CPU
		{E228FFF4-F73D-4103-8798-D048E7F8E27A}.Debug|Any CPU.ActiveCfg = Debug|Any CPU
		{E228FFF4-F73D-4103-8798-D048E7F8E27A}.Debug|Any CPU.Build.0 = Debug|Any CPU
		{E228FFF4-F73D-4103-8798-D048E7F8E27A}.Release|Any CPU.ActiveCfg = Release|Any CPU
		{E228FFF4-F73D-4103-8798-D048E7F8E27A}.Release|Any CPU.Build.0 = Release|Any CPU
		{C6E91D1D-84AE-45F0-816F-2F450F192EEC}.Debug|Any CPU.ActiveCfg = Debug|Any CPU
		{C6E91D1D-84AE-45F0-816F-2F450F192EEC}.Debug|Any CPU.Build.0 = Debug|Any CPU
		{C6E91D1D-84AE-45F0-816F-2F450F192EEC}.Release|Any CPU.ActiveCfg = Release|Any CPU
		{C6E91D1D-84AE-45F0-816F-2F450F192EEC}.Release|Any CPU.Build.0 = Release|Any CPU
		{00A03A30-4822-4B0A-9846-523FE7594799}.Debug|Any CPU.ActiveCfg = Debug|Any CPU
		{00A03A30-4822-4B0A-9846-523FE7594799}.Debug|Any CPU.Build.0 = Debug|Any CPU
		{00A03A30-4822-4B0A-9846-523FE7594799}.Release|Any CPU.ActiveCfg = Release|Any CPU
		{00A03A30-4822-4B0A-9846-523FE7594799}.Release|Any CPU.Build.0 = Release|Any CPU
		{C82F26B3-99FB-4CC5-89AC-EC943C01AFAA}.Debug|Any CPU.ActiveCfg = Debug|Any CPU
		{C82F26B3-99FB-4CC5-89AC-EC943C01AFAA}.Debug|Any CPU.Build.0 = Debug|Any CPU
		{C82F26B3-99FB-4CC5-89AC-EC943C01AFAA}.Release|Any CPU.ActiveCfg = Release|Any CPU
		{C82F26B3-99FB-4CC5-89AC-EC943C01AFAA}.Release|Any CPU.Build.0 = Release|Any CPU
		{3CF741C5-C618-441A-A874-C4CE73F31F1F}.Debug|Any CPU.ActiveCfg = Debug|Any CPU
		{3CF741C5-C618-441A-A874-C4CE73F31F1F}.Debug|Any CPU.Build.0 = Debug|Any CPU
		{3CF741C5-C618-441A-A874-C4CE73F31F1F}.Release|Any CPU.ActiveCfg = Release|Any CPU
		{3CF741C5-C618-441A-A874-C4CE73F31F1F}.Release|Any CPU.Build.0 = Release|Any CPU
	EndGlobalSection
	GlobalSection(SolutionProperties) = preSolution
		HideSolutionNode = FALSE
	EndGlobalSection
	GlobalSection(ExtensibilityGlobals) = postSolution
		SolutionGuid = {8E889077-14CD-4604-873B-67A29F3316B1}
	EndGlobalSection
EndGlobal
